
Microsoft Visual Studio Solution File, Format Version 12.00
# Visual Studio Version 17
VisualStudioVersion = 17.4.33103.184
MinimumVisualStudioVersion = 10.0.40219.1
Project("{FAE04EC0-301F-11D3-BF4B-00C04F79EFBC}") = "task2", "task2\task2.csproj", "{904F6209-8621-4BD9-8FCF-368082B039EE}"
EndProject
Global
	GlobalSection(SolutionConfigurationPlatforms) = preSolution
		Debug|Any CPU = Debug|Any CPU
		Release|Any CPU = Release|Any CPU
	EndGlobalSection
	GlobalSection(ProjectConfigurationPlatforms) = postSolution
		{904F6209-8621-4BD9-8FCF-368082B039EE}.Debug|Any CPU.ActiveCfg = Debug|Any CPU
		{904F6209-8621-4BD9-8FCF-368082B039EE}.Debug|Any CPU.Build.0 = Debug|Any CPU
		{904F6209-8621-4BD9-8FCF-368082B039EE}.Release|Any CPU.ActiveCfg = Release|Any CPU
		{904F6209-8621-4BD9-8FCF-368082B039EE}.Release|Any CPU.Build.0 = Release|Any CPU
	EndGlobalSection
	GlobalSection(SolutionProperties) = preSolution
		HideSolutionNode = FALSE
	EndGlobalSection
	GlobalSection(ExtensibilityGlobals) = postSolution
		SolutionGuid = {C4B979ED-962D-4F98-B4D0-67223FF79270}
	EndGlobalSection
EndGlobal
